# THIS IS AN AUTOGENERATED FILE. DO NOT EDIT THIS FILE DIRECTLY.
# yarn lockfile v1


localized-strings@^0.2.0:
  version "0.2.4"
  resolved "https://registry.yarnpkg.com/localized-strings/-/localized-strings-0.2.4.tgz#9d61c06b60cc7b5edf7c46e6c7f2d1ecb84aeb2c"
  integrity sha512-TKDhqFPkIIN/if2FSvVVZTaM/GP9TzfgdQ2uY65mr32xgFu5nqkKXprXbzy5rfx32DF5LDvS/y1UqYF/mAscYA==

react-localization@^1.0.18:
  version "1.0.18"
  resolved "https://registry.yarnpkg.com/react-localization/-/react-localization-1.0.18.tgz#9be8d49138126712991d5b7c6a7ff1f18549322c"
  integrity sha512-LL6+aKR7E72Ek23LnKrVd3cd2fojJfQtPzveic98YPHdgcYhz+zMaWlQJgKAeZzi0jH9Euls+S+/YZFvY0Wz2Q==
  dependencies:
    localized-strings "^0.2.0"
